
Microsoft Visual Studio Solution File, Format Version 12.00
# Visual Studio Version 16
VisualStudioVersion = 16.0.29411.108
MinimumVisualStudioVersion = 10.0.40219.1
Project("{FAE04EC0-301F-11D3-BF4B-00C04F79EFBC}") = "Prob3", "Prob3\Prob3.csproj", "{EC9725D3-BA87-4F2A-A239-7DEA68ECD014}"
EndProject
Project("{FAE04EC0-301F-11D3-BF4B-00C04F79EFBC}") = "Prob4", "Prob2\Prob4.csproj", "{209A9585-C20B-45A0-91B3-99C9C97CDACF}"
EndProject
Project("{FAE04EC0-301F-11D3-BF4B-00C04F79EFBC}") = "Prob5", "Prob5\Prob5.csproj", "{ED2CDCD0-2814-49E9-A7E8-79343A0F6358}"
EndProject
Global
	GlobalSection(SolutionConfigurationPlatforms) = preSolution
		Debug|Any CPU = Debug|Any CPU
		Release|Any CPU = Release|Any CPU
	EndGlobalSection
	GlobalSection(ProjectConfigurationPlatforms) = postSolution
		{EC9725D3-BA87-4F2A-A239-7DEA68ECD014}.Debug|Any CPU.ActiveCfg = Debug|Any CPU
		{EC9725D3-BA87-4F2A-A239-7DEA68ECD014}.Debug|Any CPU.Build.0 = Debug|Any CPU
		{EC9725D3-BA87-4F2A-A239-7DEA68ECD014}.Release|Any CPU.ActiveCfg = Release|Any CPU
		{EC9725D3-BA87-4F2A-A239-7DEA68ECD014}.Release|Any CPU.Build.0 = Release|Any CPU
		{209A9585-C20B-45A0-91B3-99C9C97CDACF}.Debug|Any CPU.ActiveCfg = Debug|Any CPU
		{209A9585-C20B-45A0-91B3-99C9C97CDACF}.Debug|Any CPU.Build.0 = Debug|Any CPU
		{209A9585-C20B-45A0-91B3-99C9C97CDACF}.Release|Any CPU.ActiveCfg = Release|Any CPU
		{209A9585-C20B-45A0-91B3-99C9C97CDACF}.Release|Any CPU.Build.0 = Release|Any CPU
		{ED2CDCD0-2814-49E9-A7E8-79343A0F6358}.Debug|Any CPU.ActiveCfg = Debug|Any CPU
		{ED2CDCD0-2814-49E9-A7E8-79343A0F6358}.Debug|Any CPU.Build.0 = Debug|Any CPU
		{ED2CDCD0-2814-49E9-A7E8-79343A0F6358}.Release|Any CPU.ActiveCfg = Release|Any CPU
		{ED2CDCD0-2814-49E9-A7E8-79343A0F6358}.Release|Any CPU.Build.0 = Release|Any CPU
	EndGlobalSection
	GlobalSection(SolutionProperties) = preSolution
		HideSolutionNode = FALSE
	EndGlobalSection
	GlobalSection(ExtensibilityGlobals) = postSolution
		SolutionGuid = {19418E5D-C90F-4A88-A4C0-8DA5A2F60867}
	EndGlobalSection
EndGlobal
